
Microsoft Visual Studio Solution File, Format Version 12.00
# Visual Studio 14
VisualStudioVersion = 14.0.24720.0
MinimumVisualStudioVersion = 10.0.40219.1
Project("{FAE04EC0-301F-11D3-BF4B-00C04F79EFBC}") = "DraughtsGame", "DraughtsGame\DraughtsGame.csproj", "{B33B55A4-BA50-437F-BCEC-484BD02B06F3}"
EndProject
Global
	GlobalSection(SolutionConfigurationPlatforms) = preSolution
		Debug|Any CPU = Debug|Any CPU
		Release|Any CPU = Release|Any CPU
	EndGlobalSection
	GlobalSection(ProjectConfigurationPlatforms) = postSolution
		{B33B55A4-BA50-437F-BCEC-484BD02B06F3}.Debug|Any CPU.ActiveCfg = Debug|Any CPU
		{B33B55A4-BA50-437F-BCEC-484BD02B06F3}.Debug|Any CPU.Build.0 = Debug|Any CPU
		{B33B55A4-BA50-437F-BCEC-484BD02B06F3}.Release|Any CPU.ActiveCfg = Release|Any CPU
		{B33B55A4-BA50-437F-BCEC-484BD02B06F3}.Release|Any CPU.Build.0 = Release|Any CPU
	EndGlobalSection
	GlobalSection(SolutionProperties) = preSolution
		HideSolutionNode = FALSE
	EndGlobalSection
EndGlobal
